
Microsoft Visual Studio Solution File, Format Version 12.00
# Visual Studio 11
Project("{FAE04EC0-301F-11D3-BF4B-00C04F79EFBC}") = "XML to CSV Converter", "XML to CSV Converter\XML to CSV Converter.csproj", "{55E045B0-5C2C-4DA4-B462-F9463D0E093B}"
EndProject
Global
	GlobalSection(SolutionConfigurationPlatforms) = preSolution
		Debug|Any CPU = Debug|Any CPU
		Release|Any CPU = Release|Any CPU
	EndGlobalSection
	GlobalSection(ProjectConfigurationPlatforms) = postSolution
		{55E045B0-5C2C-4DA4-B462-F9463D0E093B}.Debug|Any CPU.ActiveCfg = Debug|Any CPU
		{55E045B0-5C2C-4DA4-B462-F9463D0E093B}.Debug|Any CPU.Build.0 = Debug|Any CPU
		{55E045B0-5C2C-4DA4-B462-F9463D0E093B}.Release|Any CPU.ActiveCfg = Release|Any CPU
		{55E045B0-5C2C-4DA4-B462-F9463D0E093B}.Release|Any CPU.Build.0 = Release|Any CPU
	EndGlobalSection
	GlobalSection(SolutionProperties) = preSolution
		HideSolutionNode = FALSE
	EndGlobalSection
EndGlobal
