
Microsoft Visual Studio Solution File, Format Version 12.00
# Visual Studio 11
Project("{FAE04EC0-301F-11D3-BF4B-00C04F79EFBC}") = "DownloadDataTest", "DownloadDataTest\DownloadDataTest.csproj", "{3232D425-D505-4F30-806C-45F6C12D4839}"
EndProject
Global
	GlobalSection(SolutionConfigurationPlatforms) = preSolution
		Debug|Any CPU = Debug|Any CPU
		Release|Any CPU = Release|Any CPU
	EndGlobalSection
	GlobalSection(ProjectConfigurationPlatforms) = postSolution
		{3232D425-D505-4F30-806C-45F6C12D4839}.Debug|Any CPU.ActiveCfg = Debug|Any CPU
		{3232D425-D505-4F30-806C-45F6C12D4839}.Debug|Any CPU.Build.0 = Debug|Any CPU
		{3232D425-D505-4F30-806C-45F6C12D4839}.Release|Any CPU.ActiveCfg = Release|Any CPU
		{3232D425-D505-4F30-806C-45F6C12D4839}.Release|Any CPU.Build.0 = Release|Any CPU
	EndGlobalSection
	GlobalSection(SolutionProperties) = preSolution
		HideSolutionNode = FALSE
	EndGlobalSection
EndGlobal
